
Microsoft Visual Studio Solution File, Format Version 12.00
# Visual Studio 14
VisualStudioVersion = 14.0.23107.0
MinimumVisualStudioVersion = 10.0.40219.1
Project("{888888A0-9F3D-457C-B088-3A5042F75D52}") = "Detect_Dice", "Detect_Dice\Detect_Dice.pyproj", "{62DBFE79-B3E4-4878-8B18-E5AB66EBC344}"
EndProject
Project("{2150E333-8FDC-42A3-9474-1A3956D46DE8}") = "Solution Items", "Solution Items", "{04C4DF91-EAA1-413E-B534-7CEA141E407C}"
	ProjectSection(SolutionItems) = preProject
		Detect_Dice\Dice1.jpg = Detect_Dice\Dice1.jpg
		Detect_Dice\Dice10.jpg = Detect_Dice\Dice10.jpg
		Detect_Dice\Dice2.jpg = Detect_Dice\Dice2.jpg
		Detect_Dice\Dice3.jpg = Detect_Dice\Dice3.jpg
		Detect_Dice\Dice4.jpg = Detect_Dice\Dice4.jpg
		Detect_Dice\Dice5.jpg = Detect_Dice\Dice5.jpg
		Detect_Dice\Dice6.jpg = Detect_Dice\Dice6.jpg
		Detect_Dice\Dice7.jpg = Detect_Dice\Dice7.jpg
		Detect_Dice\Dice8.jpg = Detect_Dice\Dice8.jpg
		Detect_Dice\Dice9.jpg = Detect_Dice\Dice9.jpg
		Detect_Dice\Dice_mod.png = Detect_Dice\Dice_mod.png
		Detect_Dice\J.png = Detect_Dice\J.png
		Detect_Dice\K.jpg = Detect_Dice\K.jpg
		Detect_Dice\K.png = Detect_Dice\K.png
		Detect_Dice\Q.png = Detect_Dice\Q.png
	EndProjectSection
EndProject
Global
	GlobalSection(SolutionConfigurationPlatforms) = preSolution
		Debug|Any CPU = Debug|Any CPU
		Release|Any CPU = Release|Any CPU
	EndGlobalSection
	GlobalSection(ProjectConfigurationPlatforms) = postSolution
		{62DBFE79-B3E4-4878-8B18-E5AB66EBC344}.Debug|Any CPU.ActiveCfg = Debug|Any CPU
		{62DBFE79-B3E4-4878-8B18-E5AB66EBC344}.Release|Any CPU.ActiveCfg = Release|Any CPU
	EndGlobalSection
	GlobalSection(SolutionProperties) = preSolution
		HideSolutionNode = FALSE
	EndGlobalSection
EndGlobal
